
Microsoft Visual Studio Solution File, Format Version 12.00
# Visual Studio Version 16
VisualStudioVersion = 16.0.29926.136
MinimumVisualStudioVersion = 10.0.40219.1
Project("{9A19103F-16F7-4668-BE54-9A1E7A4F7556}") = "Projekat", "Proj\Projekat.csproj", "{EAB77AF4-9A86-4412-BA45-B8242454F7CE}"
EndProject
Global
	GlobalSection(SolutionConfigurationPlatforms) = preSolution
		Debug|Any CPU = Debug|Any CPU
		Release|Any CPU = Release|Any CPU
	EndGlobalSection
	GlobalSection(ProjectConfigurationPlatforms) = postSolution
		{EAB77AF4-9A86-4412-BA45-B8242454F7CE}.Debug|Any CPU.ActiveCfg = Debug|Any CPU
		{EAB77AF4-9A86-4412-BA45-B8242454F7CE}.Debug|Any CPU.Build.0 = Debug|Any CPU
		{EAB77AF4-9A86-4412-BA45-B8242454F7CE}.Release|Any CPU.ActiveCfg = Release|Any CPU
		{EAB77AF4-9A86-4412-BA45-B8242454F7CE}.Release|Any CPU.Build.0 = Release|Any CPU
	EndGlobalSection
	GlobalSection(SolutionProperties) = preSolution
		HideSolutionNode = FALSE
	EndGlobalSection
	GlobalSection(ExtensibilityGlobals) = postSolution
		SolutionGuid = {FBA26038-F138-49EC-8735-384071A41295}
	EndGlobalSection
EndGlobal
